Microsoft Visual Studio Solution File, Format Version 12.00
# Visual Studio 15
VisualStudioVersion = 15.0.27004.2005
MinimumVisualStudioVersion = 10.0.40219.1
Project("{FAE04EC0-301F-11D3-BF4B-00C04F79EFBC}") = "hello_window", "hello_window\hello_window.csproj", "{79875538-C9FE-4EF7-A719-188A40BA4402}"
	ProjectSection(ProjectDependencies) = postProject
		{DAAB27B5-1F78-32A8-945D-9FE6C7AF4610} = {DAAB27B5-1F78-32A8-945D-9FE6C7AF4610}
		{265E9FC5-DB79-34CF-A73B-93D265D89CF4} = {265E9FC5-DB79-34CF-A73B-93D265D89CF4}
	EndProjectSection
EndProject
Project("{8BC9CEB8-8B4A-11D0-8D11-00A0C91BC942}") = "glad", "_build_glad\glad.vcxproj", "{265E9FC5-DB79-34CF-A73B-93D265D89CF4}"
EndProject
Project("{8BC9CEB8-8B4A-11D0-8D11-00A0C91BC942}") = "glfw", "_build_glfw\src\glfw.vcxproj", "{DAAB27B5-1F78-32A8-945D-9FE6C7AF4610}"
EndProject
Global
	GlobalSection(SolutionConfigurationPlatforms) = preSolution
		Debug|Any CPU = Debug|Any CPU
		Debug|x64 = Debug|x64
		MinSizeRel|Any CPU = MinSizeRel|Any CPU
		MinSizeRel|x64 = MinSizeRel|x64
		Release|Any CPU = Release|Any CPU
		Release|x64 = Release|x64
		RelWithDebInfo|Any CPU = RelWithDebInfo|Any CPU
		RelWithDebInfo|x64 = RelWithDebInfo|x64
	EndGlobalSection
	GlobalSection(ProjectConfigurationPlatforms) = postSolution
		{79875538-C9FE-4EF7-A719-188A40BA4402}.Debug|Any CPU.ActiveCfg = Debug|Any CPU
		{79875538-C9FE-4EF7-A719-188A40BA4402}.Debug|Any CPU.Build.0 = Debug|Any CPU
		{79875538-C9FE-4EF7-A719-188A40BA4402}.Debug|x64.ActiveCfg = Debug|Any CPU
		{79875538-C9FE-4EF7-A719-188A40BA4402}.Debug|x64.Build.0 = Debug|Any CPU
		{79875538-C9FE-4EF7-A719-188A40BA4402}.MinSizeRel|Any CPU.ActiveCfg = Release|Any CPU
		{79875538-C9FE-4EF7-A719-188A40BA4402}.MinSizeRel|Any CPU.Build.0 = Release|Any CPU
		{79875538-C9FE-4EF7-A719-188A40BA4402}.MinSizeRel|x64.ActiveCfg = Release|Any CPU
		{79875538-C9FE-4EF7-A719-188A40BA4402}.MinSizeRel|x64.Build.0 = Release|Any CPU
		{79875538-C9FE-4EF7-A719-188A40BA4402}.Release|Any CPU.ActiveCfg = Release|Any CPU
		{79875538-C9FE-4EF7-A719-188A40BA4402}.Release|Any CPU.Build.0 = Release|Any CPU
		{79875538-C9FE-4EF7-A719-188A40BA4402}.Release|x64.ActiveCfg = Release|Any CPU
		{79875538-C9FE-4EF7-A719-188A40BA4402}.Release|x64.Build.0 = Release|Any CPU
		{79875538-C9FE-4EF7-A719-188A40BA4402}.RelWithDebInfo|Any CPU.ActiveCfg = Release|Any CPU
		{79875538-C9FE-4EF7-A719-188A40BA4402}.RelWithDebInfo|Any CPU.Build.0 = Release|Any CPU
		{79875538-C9FE-4EF7-A719-188A40BA4402}.RelWithDebInfo|x64.ActiveCfg = Release|Any CPU
		{79875538-C9FE-4EF7-A719-188A40BA4402}.RelWithDebInfo|x64.Build.0 = Release|Any CPU
		{265E9FC5-DB79-34CF-A73B-93D265D89CF4}.Debug|Any CPU.ActiveCfg = Debug|x64
		{265E9FC5-DB79-34CF-A73B-93D265D89CF4}.Debug|x64.ActiveCfg = Debug|x64
		{265E9FC5-DB79-34CF-A73B-93D265D89CF4}.Debug|x64.Build.0 = Debug|x64
		{265E9FC5-DB79-34CF-A73B-93D265D89CF4}.MinSizeRel|Any CPU.ActiveCfg = MinSizeRel|x64
		{265E9FC5-DB79-34CF-A73B-93D265D89CF4}.MinSizeRel|x64.ActiveCfg = MinSizeRel|x64
		{265E9FC5-DB79-34CF-A73B-93D265D89CF4}.MinSizeRel|x64.Build.0 = MinSizeRel|x64
		{265E9FC5-DB79-34CF-A73B-93D265D89CF4}.Release|Any CPU.ActiveCfg = Release|x64
		{265E9FC5-DB79-34CF-A73B-93D265D89CF4}.Release|x64.ActiveCfg = Release|x64
		{265E9FC5-DB79-34CF-A73B-93D265D89CF4}.Release|x64.Build.0 = Release|x64
		{265E9FC5-DB79-34CF-A73B-93D265D89CF4}.RelWithDebInfo|Any CPU.ActiveCfg = RelWithDebInfo|x64
		{265E9FC5-DB79-34CF-A73B-93D265D89CF4}.RelWithDebInfo|x64.ActiveCfg = RelWithDebInfo|x64
		{265E9FC5-DB79-34CF-A73B-93D265D89CF4}.RelWithDebInfo|x64.Build.0 = RelWithDebInfo|x64
		{DAAB27B5-1F78-32A8-945D-9FE6C7AF4610}.Debug|Any CPU.ActiveCfg = Debug|x64
		{DAAB27B5-1F78-32A8-945D-9FE6C7AF4610}.Debug|x64.ActiveCfg = Debug|x64
		{DAAB27B5-1F78-32A8-945D-9FE6C7AF4610}.Debug|x64.Build.0 = Debug|x64
		{DAAB27B5-1F78-32A8-945D-9FE6C7AF4610}.Debug|x64.Deploy.0 = Debug|x64
		{DAAB27B5-1F78-32A8-945D-9FE6C7AF4610}.MinSizeRel|Any CPU.ActiveCfg = MinSizeRel|x64
		{DAAB27B5-1F78-32A8-945D-9FE6C7AF4610}.MinSizeRel|x64.ActiveCfg = MinSizeRel|x64
		{DAAB27B5-1F78-32A8-945D-9FE6C7AF4610}.MinSizeRel|x64.Build.0 = MinSizeRel|x64
		{DAAB27B5-1F78-32A8-945D-9FE6C7AF4610}.MinSizeRel|x64.Deploy.0 = MinSizeRel|x64
		{DAAB27B5-1F78-32A8-945D-9FE6C7AF4610}.Release|Any CPU.ActiveCfg = Release|x64
		{DAAB27B5-1F78-32A8-945D-9FE6C7AF4610}.Release|x64.ActiveCfg = Release|x64
		{DAAB27B5-1F78-32A8-945D-9FE6C7AF4610}.Release|x64.Build.0 = Release|x64
		{DAAB27B5-1F78-32A8-945D-9FE6C7AF4610}.Release|x64.Deploy.0 = Release|x64
		{DAAB27B5-1F78-32A8-945D-9FE6C7AF4610}.RelWithDebInfo|Any CPU.ActiveCfg = RelWithDebInfo|x64
		{DAAB27B5-1F78-32A8-945D-9FE6C7AF4610}.RelWithDebInfo|x64.ActiveCfg = RelWithDebInfo|x64
		{DAAB27B5-1F78-32A8-945D-9FE6C7AF4610}.RelWithDebInfo|x64.Build.0 = RelWithDebInfo|x64
		{DAAB27B5-1F78-32A8-945D-9FE6C7AF4610}.RelWithDebInfo|x64.Deploy.0 = RelWithDebInfo|x64
	EndGlobalSection
	GlobalSection(SolutionProperties) = preSolution
		HideSolutionNode = FALSE
	EndGlobalSection
	GlobalSection(ExtensibilityGlobals) = postSolution
		SolutionGuid = {498A2541-6309-3B34-B425-372530DF25CF}
	EndGlobalSection
EndGlobal
