<?xml version="1.0" encoding="utf-8"?>
<Project ToolsVersion="15.0" xmlns="http://schemas.microsoft.com/developer/msbuild/2003">
  <ItemGroup>
    <ClCompile Include="D:\Projects\_build_glad\src\glad.c">
      <Filter>Source Files</Filter>
    </ClCompile>
  </ItemGroup>
  <ItemGroup>
    <ClInclude Include="D:\Projects\_build_glad\include\glad\glad.h">
      <Filter>Header Files</Filter>
    </ClInclude>
  </ItemGroup>
  <ItemGroup>
    <CustomBuild Include="D:\Projects\glad\CMakeLists.txt" />
    <CustomBuild Include="D:\Projects\_build_glad\CMakeFiles\cb4bbb57fa0e0cc33bbd5690bade0bc8\glad.c.rule">
      <Filter>CMake Rules</Filter>
    </CustomBuild>
  </ItemGroup>
  <ItemGroup>
    <Filter Include="Source Files">
      <UniqueIdentifier>{3E01DB79-493D-328E-8A51-7246DD175681}</UniqueIdentifier>
    </Filter>
    <Filter Include="Header Files">
      <UniqueIdentifier>{B9449054-65CA-3390-ABC9-146E82A6536F}</UniqueIdentifier>
    </Filter>
    <Filter Include="CMake Rules">
      <UniqueIdentifier>{52E7D0CE-85A4-32AD-ABC5-45BD6EE38A43}</UniqueIdentifier>
    </Filter>
    <Filter Include="Swig generated files">
      <UniqueIdentifier>{b949328e-be7a-47ee-8c51-cb083fb99646}</UniqueIdentifier>
    </Filter>
    <Filter Include="Swig files">
      <UniqueIdentifier>{befd3d6d-c473-4f28-ab12-a0e5ea6430ad}</UniqueIdentifier>
    </Filter>
  </ItemGroup>
</Project>